hash: f041d90a5883e2b349a9da2cb836857cb0cdb2910be03cd00366121d926923d2
updated: 2016-11-26T17:05:02.607531649-08:00
imports:
- name: github.com/fedesog/webdriver
  version: 6f14c445a22cbbd7a136733ac3bc0e91b97cd97a
- name: github.com/pkg/errors
  version: 645ef00459ed84a119197bfb8d8205042c6df63d
testImports: []
